{
  "name": "potential-guacamole",
  "lockfileVersion": 2,
  "requires": true,
  "packages": {
    "": {
      "devDependencies": {
        "electron-react-devtools": "^0.5.3"
      }
    },
    "node_modules/electron-react-devtools": {
      "version": "0.5.3",
      "resolved": "https://registry.npmjs.org/electron-react-devtools/-/electron-react-devtools-0.5.3.tgz",
      "integrity": "sha512-SxrBqoev8x8IXQZib6YB0SI2kUfE6GaRPmXXgVUJdjz541GZbxYzzif0dlrbrbVPkFJOaRJ651wQE2/aJVCmMg==",
      "dev": true
    }
  },
  "dependencies": {
    "electron-react-devtools": {
      "version": "0.5.3",
      "resolved": "https://registry.npmjs.org/electron-react-devtools/-/electron-react-devtools-0.5.3.tgz",
      "integrity": "sha512-SxrBqoev8x8IXQZib6YB0SI2kUfE6GaRPmXXgVUJdjz541GZbxYzzif0dlrbrbVPkFJOaRJ651wQE2/aJVCmMg==",
      "dev": true
    }
  }
}
